
Microsoft Visual Studio Solution File, Format Version 12.00
# Visual Studio Version 17
VisualStudioVersion = 17.11.35222.181
MinimumVisualStudioVersion = 10.0.40219.1
Project("{8BC9CEB8-8B4A-11D0-8D11-00A0C91BC942}") = "CGT 215 Lab 2", "CGT 215 Lab 2\CGT 215 Lab 2.vcxproj", "{11EB5C1C-114C-4741-AA9A-7FE86B590229}"
EndProject
Global
	GlobalSection(SolutionConfigurationPlatforms) = preSolution
		Debug|ARM64 = Debug|ARM64
		Debug|x64 = Debug|x64
		Debug|x86 = Debug|x86
		Release|ARM64 = Release|ARM64
		Release|x64 = Release|x64
		Release|x86 = Release|x86
	EndGlobalSection
	GlobalSection(ProjectConfigurationPlatforms) = postSolution
		{11EB5C1C-114C-4741-AA9A-7FE86B590229}.Debug|ARM64.ActiveCfg = Debug|ARM64
		{11EB5C1C-114C-4741-AA9A-7FE86B590229}.Debug|ARM64.Build.0 = Debug|ARM64
		{11EB5C1C-114C-4741-AA9A-7FE86B590229}.Debug|x64.ActiveCfg = Debug|x64
		{11EB5C1C-114C-4741-AA9A-7FE86B590229}.Debug|x64.Build.0 = Debug|x64
		{11EB5C1C-114C-4741-AA9A-7FE86B590229}.Debug|x86.ActiveCfg = Debug|Win32
		{11EB5C1C-114C-4741-AA9A-7FE86B590229}.Debug|x86.Build.0 = Debug|Win32
		{11EB5C1C-114C-4741-AA9A-7FE86B590229}.Release|ARM64.ActiveCfg = Release|ARM64
		{11EB5C1C-114C-4741-AA9A-7FE86B590229}.Release|ARM64.Build.0 = Release|ARM64
		{11EB5C1C-114C-4741-AA9A-7FE86B590229}.Release|x64.ActiveCfg = Release|x64
		{11EB5C1C-114C-4741-AA9A-7FE86B590229}.Release|x64.Build.0 = Release|x64
		{11EB5C1C-114C-4741-AA9A-7FE86B590229}.Release|x86.ActiveCfg = Release|Win32
		{11EB5C1C-114C-4741-AA9A-7FE86B590229}.Release|x86.Build.0 = Release|Win32
	EndGlobalSection
	GlobalSection(SolutionProperties) = preSolution
		HideSolutionNode = FALSE
	EndGlobalSection
	GlobalSection(ExtensibilityGlobals) = postSolution
		SolutionGuid = {0D45A2FB-A1AE-4734-8039-34E78042BC5B}
	EndGlobalSection
EndGlobal
